
Microsoft Visual Studio Solution File, Format Version 12.00
# Visual Studio Version 17
VisualStudioVersion = 17.14.36310.24 d17.14
MinimumVisualStudioVersion = 10.0.40219.1
Project("{FAE04EC0-301F-11D3-BF4B-00C04F79EFBC}") = "MoldApi", "MoldApi.csproj", "{B5D59DBC-C4A3-4CE8-AF32-36DB5D8D562B}"
EndProject
Global
	GlobalSection(SolutionConfigurationPlatforms) = preSolution
		Debug|Any CPU = Debug|Any CPU
		Release|Any CPU = Release|Any CPU
	EndGlobalSection
	GlobalSection(ProjectConfigurationPlatforms) = postSolution
		{B5D59DBC-C4A3-4CE8-AF32-36DB5D8D562B}.Debug|Any CPU.ActiveCfg = Debug|Any CPU
		{B5D59DBC-C4A3-4CE8-AF32-36DB5D8D562B}.Debug|Any CPU.Build.0 = Debug|Any CPU
		{B5D59DBC-C4A3-4CE8-AF32-36DB5D8D562B}.Release|Any CPU.ActiveCfg = Release|Any CPU
		{B5D59DBC-C4A3-4CE8-AF32-36DB5D8D562B}.Release|Any CPU.Build.0 = Release|Any CPU
	EndGlobalSection
	GlobalSection(SolutionProperties) = preSolution
		HideSolutionNode = FALSE
	EndGlobalSection
	GlobalSection(ExtensibilityGlobals) = postSolution
		SolutionGuid = {97B66D79-969F-4139-9B23-68B1E43AC306}
	EndGlobalSection
EndGlobal
